
Microsoft Visual Studio Solution File, Format Version 12.00
# Visual Studio Version 17
VisualStudioVersion = 17.14.36511.14
MinimumVisualStudioVersion = 10.0.40219.1
Project("{FAE04EC0-301F-11D3-BF4B-00C04F79EFBC}") = "2HerenciaSimpleIES", "2HerenciaSimpleIES\2HerenciaSimpleIES.csproj", "{EEF778D6-2D2C-4D2B-B76B-E06184F53D90}"
EndProject
Project("{FAE04EC0-301F-11D3-BF4B-00C04F79EFBC}") = "IGraficasIES", "IGraficasIES\IGraficasIES.csproj", "{276697E0-D963-4680-858B-75C895A9856E}"
EndProject
Global
	GlobalSection(SolutionConfigurationPlatforms) = preSolution
		Debug|Any CPU = Debug|Any CPU
		Release|Any CPU = Release|Any CPU
	EndGlobalSection
	GlobalSection(ProjectConfigurationPlatforms) = postSolution
		{EEF778D6-2D2C-4D2B-B76B-E06184F53D90}.Debug|Any CPU.ActiveCfg = Debug|Any CPU
		{EEF778D6-2D2C-4D2B-B76B-E06184F53D90}.Debug|Any CPU.Build.0 = Debug|Any CPU
		{EEF778D6-2D2C-4D2B-B76B-E06184F53D90}.Release|Any CPU.ActiveCfg = Release|Any CPU
		{EEF778D6-2D2C-4D2B-B76B-E06184F53D90}.Release|Any CPU.Build.0 = Release|Any CPU
		{276697E0-D963-4680-858B-75C895A9856E}.Debug|Any CPU.ActiveCfg = Debug|Any CPU
		{276697E0-D963-4680-858B-75C895A9856E}.Debug|Any CPU.Build.0 = Debug|Any CPU
		{276697E0-D963-4680-858B-75C895A9856E}.Release|Any CPU.ActiveCfg = Release|Any CPU
		{276697E0-D963-4680-858B-75C895A9856E}.Release|Any CPU.Build.0 = Release|Any CPU
	EndGlobalSection
	GlobalSection(SolutionProperties) = preSolution
		HideSolutionNode = FALSE
	EndGlobalSection
	GlobalSection(ExtensibilityGlobals) = postSolution
		SolutionGuid = {D0FE0F38-16EA-4DBC-8BD2-7F607E111E06}
	EndGlobalSection
EndGlobal
